// !$*UTF8*$!
{
	archiveVersion = 1;
	classes = {
	};
	objectVersion = 46;
	objects = {

/* Begin PBXBuildFile section */
		060294641A9525F000AD8673 /* main.m in Sources */ = {isa = PBXBuildFile; fileRef = 060294631A9525F000AD8673 /* main.m */; };
		060294671A9525F000AD8673 /* AppDelegate.m in Sources */ = {isa = PBXBuildFile; fileRef = 060294661A9525F000AD8673 /* AppDelegate.m */; };
		0602946A1A9525F000AD8673 /* INSPullToRefreshViewController.m in Sources */ = {isa = PBXBuildFile; fileRef = 060294691A9525F000AD8673 /* INSPullToRefreshViewController.m */; };
		0602946D1A9525F000AD8673 /* Main.storyboard in Resources */ = {isa = PBXBuildFile; fileRef = 0602946B1A9525F000AD8673 /* Main.storyboard */; };
		0602946F1A9525F000AD8673 /* Images.xcassets in Resources */ = {isa = PBXBuildFile; fileRef = 0602946E1A9525F000AD8673 /* Images.xcassets */; };
		060294721A9525F000AD8673 /* LaunchScreen.xib in Resources */ = {isa = PBXBuildFile; fileRef = 060294701A9525F000AD8673 /* LaunchScreen.xib */; };
		0602947E1A9525F000AD8673 /* INSPullToRefreshTests.m in Sources */ = {isa = PBXBuildFile; fileRef = 0602947D1A9525F000AD8673 /* INSPullToRefreshTests.m */; };
		0661A3771A9A63FA002DDE83 /* INSBaseViewController.m in Sources */ = {isa = PBXBuildFile; fileRef = 0661A3761A9A63FA002DDE83 /* INSBaseViewController.m */; };
		0661A37A1A9A64BA002DDE83 /* INSPullToRefreshCollectionViewController.m in Sources */ = {isa = PBXBuildFile; fileRef = 0661A3791A9A64BA002DDE83 /* INSPullToRefreshCollectionViewController.m */; };
		06A73A3E1A97D4E3006BAAE5 /* INSTableViewController.m in Sources */ = {isa = PBXBuildFile; fileRef = 06A73A3D1A97D4E3006BAAE5 /* INSTableViewController.m */; };
		06FA69961A99E22700DF42E6 /* HUD.xcassets in Resources */ = {isa = PBXBuildFile; fileRef = 06FA69951A99E22700DF42E6 /* HUD.xcassets */; };
		06FA69BC1A9A0C2100DF42E6 /* INSCircleInfiniteIndicator.m in Sources */ = {isa = PBXBuildFile; fileRef = 06FA69A01A9A0C2100DF42E6 /* INSCircleInfiniteIndicator.m */; };
		06FA69BD1A9A0C2100DF42E6 /* INSCirclePullToRefresh.m in Sources */ = {isa = PBXBuildFile; fileRef = 06FA69A21A9A0C2100DF42E6 /* INSCirclePullToRefresh.m */; };
		06FA69BE1A9A0C2100DF42E6 /* INSDefaultInfiniteIndicator.m in Sources */ = {isa = PBXBuildFile; fileRef = 06FA69A51A9A0C2100DF42E6 /* INSDefaultInfiniteIndicator.m */; };
		06FA69BF1A9A0C2100DF42E6 /* INSDefaultPullToRefresh.m in Sources */ = {isa = PBXBuildFile; fileRef = 06FA69A71A9A0C2100DF42E6 /* INSDefaultPullToRefresh.m */; };
		06FA69C01A9A0C2100DF42E6 /* INSLappsyInfiniteIndicator.m in Sources */ = {isa = PBXBuildFile; fileRef = 06FA69AC1A9A0C2100DF42E6 /* INSLappsyInfiniteIndicator.m */; };
		06FA69C11A9A0C2100DF42E6 /* INSLappsyPullToRefresh.m in Sources */ = {isa = PBXBuildFile; fileRef = 06FA69AE1A9A0C2100DF42E6 /* INSLappsyPullToRefresh.m */; };
		06FA69C21A9A0C2100DF42E6 /* INSPinterestPullToRefresh.m in Sources */ = {isa = PBXBuildFile; fileRef = 06FA69B11A9A0C2100DF42E6 /* INSPinterestPullToRefresh.m */; };
		06FA69C31A9A0C2100DF42E6 /* INSLabelPullToRefresh.m in Sources */ = {isa = PBXBuildFile; fileRef = 06FA69B41A9A0C2100DF42E6 /* INSLabelPullToRefresh.m */; };
		06FA69C41A9A0C2100DF42E6 /* INSTwitterPullToRefresh.m in Sources */ = {isa = PBXBuildFile; fileRef = 06FA69B71A9A0C2100DF42E6 /* INSTwitterPullToRefresh.m */; };
		06FA69C51A9A0C2100DF42E6 /* INSVinePullToRefresh.m in Sources */ = {isa = PBXBuildFile; fileRef = 06FA69BA1A9A0C2100DF42E6 /* INSVinePullToRefresh.m */; };
		06FA69C61A9A0C2100DF42E6 /* INSVinePullToRefresh.xib in Resources */ = {isa = PBXBuildFile; fileRef = 06FA69BB1A9A0C2100DF42E6 /* INSVinePullToRefresh.xib */; };
		06FA69CE1A9A0C2D00DF42E6 /* INSInfiniteScrollBackgroundView.m in Sources */ = {isa = PBXBuildFile; fileRef = 06FA69C91A9A0C2D00DF42E6 /* INSInfiniteScrollBackgroundView.m */; };
		06FA69CF1A9A0C2D00DF42E6 /* INSPullToRefreshBackgroundView.m in Sources */ = {isa = PBXBuildFile; fileRef = 06FA69CB1A9A0C2D00DF42E6 /* INSPullToRefreshBackgroundView.m */; };
		06FA69D01A9A0C2D00DF42E6 /* UIScrollView+INSPullToRefresh.m in Sources */ = {isa = PBXBuildFile; fileRef = 06FA69CD1A9A0C2D00DF42E6 /* UIScrollView+INSPullToRefresh.m */; };
/* End PBXBuildFile section */

/* Begin PBXContainerItemProxy section */
		060294781A9525F000AD8673 /* PBXContainerItemProxy */ = {
			isa = PBXContainerItemProxy;
			containerPortal = 060294561A9525F000AD8673 /* Project object */;
			proxyType = 1;
			remoteGlobalIDString = 0602945D1A9525F000AD8673;
			remoteInfo = INSPullToRefresh;
		};
/* End PBXContainerItemProxy section */

/* Begin PBXFileReference section */
		0602945E1A9525F000AD8673 /* INSPullToRefresh.app */ = {isa = PBXFileReference; explicitFileType = wrapper.application; includeInIndex = 0; path = INSPullToRefresh.app; sourceTree = BUILT_PRODUCTS_DIR; };
		060294621A9525F000AD8673 /* Info.plist */ = {isa = PBXFileReference; lastKnownFileType = text.plist.xml; path = Info.plist; sourceTree = "<group>"; };
		060294631A9525F000AD8673 /* main.m */ = {isa = PBXFileReference; lastKnownFileType = sourcecode.c.objc; path = main.m; sourceTree = "<group>"; };
		060294651A9525F000AD8673 /* AppDelegate.h */ = {isa = PBXFileReference; lastKnownFileType = sourcecode.c.h; path = AppDelegate.h; sourceTree = "<group>"; };
		060294661A9525F000AD8673 /* AppDelegate.m */ = {isa = PBXFileReference; lastKnownFileType = sourcecode.c.objc; path = AppDelegate.m; sourceTree = "<group>"; };
		060294681A9525F000AD8673 /* INSPullToRefreshViewController.h */ = {isa = PBXFileReference; lastKnownFileType = sourcecode.c.h; path = INSPullToRefreshViewController.h; sourceTree = "<group>"; };
		060294691A9525F000AD8673 /* INSPullToRefreshViewController.m */ = {isa = PBXFileReference; lastKnownFileType = sourcecode.c.objc; path = INSPullToRefreshViewController.m; sourceTree = "<group>"; };
		0602946C1A9525F000AD8673 /* Base */ = {isa = PBXFileReference; lastKnownFileType = file.storyboard; name = Base; path = Base.lproj/Main.storyboard; sourceTree = "<group>"; };
		0602946E1A9525F000AD8673 /* Images.xcassets */ = {isa = PBXFileReference; lastKnownFileType = folder.assetcatalog; path = Images.xcassets; sourceTree = "<group>"; };
		060294711A9525F000AD8673 /* Base */ = {isa = PBXFileReference; lastKnownFileType = file.xib; name = Base; path = Base.lproj/LaunchScreen.xib; sourceTree = "<group>"; };
		060294771A9525F000AD8673 /* INSPullToRefreshTests.xctest */ = {isa = PBXFileReference; explicitFileType = wrapper.cfbundle; includeInIndex = 0; path = INSPullToRefreshTests.xctest; sourceTree = BUILT_PRODUCTS_DIR; };
		0602947C1A9525F000AD8673 /* Info.plist */ = {isa = PBXFileReference; lastKnownFileType = text.plist.xml; path = Info.plist; sourceTree = "<group>"; };
		0602947D1A9525F000AD8673 /* INSPullToRefreshTests.m */ = {isa = PBXFileReference; lastKnownFileType = sourcecode.c.objc; path = INSPullToRefreshTests.m; sourceTree = "<group>"; };
		0661A3751A9A63FA002DDE83 /* INSBaseViewController.h */ = {isa = PBXFileReference; fileEncoding = 4; lastKnownFileType = sourcecode.c.h; path = INSBaseViewController.h; sourceTree = "<group>"; };
		0661A3761A9A63FA002DDE83 /* INSBaseViewController.m */ = {isa = PBXFileReference; fileEncoding = 4; lastKnownFileType = sourcecode.c.objc; path = INSBaseViewController.m; sourceTree = "<group>"; };
		0661A3781A9A64BA002DDE83 /* INSPullToRefreshCollectionViewController.h */ = {isa = PBXFileReference; fileEncoding = 4; lastKnownFileType = sourcecode.c.h; path = INSPullToRefreshCollectionViewController.h; sourceTree = "<group>"; };
		0661A3791A9A64BA002DDE83 /* INSPullToRefreshCollectionViewController.m */ = {isa = PBXFileReference; fileEncoding = 4; lastKnownFileType = sourcecode.c.objc; path = INSPullToRefreshCollectionViewController.m; sourceTree = "<group>"; };
		06A73A3C1A97D4E3006BAAE5 /* INSTableViewController.h */ = {isa = PBXFileReference; fileEncoding = 4; lastKnownFileType = sourcecode.c.h; path = INSTableViewController.h; sourceTree = "<group>"; };
		06A73A3D1A97D4E3006BAAE5 /* INSTableViewController.m */ = {isa = PBXFileReference; fileEncoding = 4; lastKnownFileType = sourcecode.c.objc; path = INSTableViewController.m; sourceTree = "<group>"; };
		06FA69951A99E22700DF42E6 /* HUD.xcassets */ = {isa = PBXFileReference; lastKnownFileType = folder.assetcatalog; path = HUD.xcassets; sourceTree = "<group>"; };
		06FA699F1A9A0C2100DF42E6 /* INSCircleInfiniteIndicator.h */ = {isa = PBXFileReference; fileEncoding = 4; lastKnownFileType = sourcecode.c.h; path = INSCircleInfiniteIndicator.h; sourceTree = "<group>"; };
		06FA69A01A9A0C2100DF42E6 /* INSCircleInfiniteIndicator.m */ = {isa = PBXFileReference; fileEncoding = 4; lastKnownFileType = sourcecode.c.objc; path = INSCircleInfiniteIndicator.m; sourceTree = "<group>"; };
		06FA69A11A9A0C2100DF42E6 /* INSCirclePullToRefresh.h */ = {isa = PBXFileReference; fileEncoding = 4; lastKnownFileType = sourcecode.c.h; path = INSCirclePullToRefresh.h; sourceTree = "<group>"; };
		06FA69A21A9A0C2100DF42E6 /* INSCirclePullToRefresh.m */ = {isa = PBXFileReference; fileEncoding = 4; lastKnownFileType = sourcecode.c.objc; path = INSCirclePullToRefresh.m; sourceTree = "<group>"; };
		06FA69A41A9A0C2100DF42E6 /* INSDefaultInfiniteIndicator.h */ = {isa = PBXFileReference; fileEncoding = 4; lastKnownFileType = sourcecode.c.h; path = INSDefaultInfiniteIndicator.h; sourceTree = "<group>"; };
		06FA69A51A9A0C2100DF42E6 /* INSDefaultInfiniteIndicator.m */ = {isa = PBXFileReference; fileEncoding = 4; lastKnownFileType = sourcecode.c.objc; path = INSDefaultInfiniteIndicator.m; sourceTree = "<group>"; };
		06FA69A61A9A0C2100DF42E6 /* INSDefaultPullToRefresh.h */ = {isa = PBXFileReference; fileEncoding = 4; lastKnownFileType = sourcecode.c.h; path = INSDefaultPullToRefresh.h; sourceTree = "<group>"; };
		06FA69A71A9A0C2100DF42E6 /* INSDefaultPullToRefresh.m */ = {isa = PBXFileReference; fileEncoding = 4; lastKnownFileType = sourcecode.c.objc; path = INSDefaultPullToRefresh.m; sourceTree = "<group>"; };
		06FA69A81A9A0C2100DF42E6 /* INSAnimatable.h */ = {isa = PBXFileReference; fileEncoding = 4; lastKnownFileType = sourcecode.c.h; path = INSAnimatable.h; sourceTree = "<group>"; };
		06FA69AB1A9A0C2100DF42E6 /* INSLappsyInfiniteIndicator.h */ = {isa = PBXFileReference; fileEncoding = 4; lastKnownFileType = sourcecode.c.h; path = INSLappsyInfiniteIndicator.h; sourceTree = "<group>"; };
		06FA69AC1A9A0C2100DF42E6 /* INSLappsyInfiniteIndicator.m */ = {isa = PBXFileReference; fileEncoding = 4; lastKnownFileType = sourcecode.c.objc; path = INSLappsyInfiniteIndicator.m; sourceTree = "<group>"; };
		06FA69AD1A9A0C2100DF42E6 /* INSLappsyPullToRefresh.h */ = {isa = PBXFileReference; fileEncoding = 4; lastKnownFileType = sourcecode.c.h; path = INSLappsyPullToRefresh.h; sourceTree = "<group>"; };
		06FA69AE1A9A0C2100DF42E6 /* INSLappsyPullToRefresh.m */ = {isa = PBXFileReference; fileEncoding = 4; lastKnownFileType = sourcecode.c.objc; path = INSLappsyPullToRefresh.m; sourceTree = "<group>"; };
		06FA69B01A9A0C2100DF42E6 /* INSPinterestPullToRefresh.h */ = {isa = PBXFileReference; fileEncoding = 4; lastKnownFileType = sourcecode.c.h; path = INSPinterestPullToRefresh.h; sourceTree = "<group>"; };
		06FA69B11A9A0C2100DF42E6 /* INSPinterestPullToRefresh.m */ = {isa = PBXFileReference; fileEncoding = 4; lastKnownFileType = sourcecode.c.objc; path = INSPinterestPullToRefresh.m; sourceTree = "<group>"; };
		06FA69B31A9A0C2100DF42E6 /* INSLabelPullToRefresh.h */ = {isa = PBXFileReference; fileEncoding = 4; lastKnownFileType = sourcecode.c.h; path = INSLabelPullToRefresh.h; sourceTree = "<group>"; };
		06FA69B41A9A0C2100DF42E6 /* INSLabelPullToRefresh.m */ = {isa = PBXFileReference; fileEncoding = 4; lastKnownFileType = sourcecode.c.objc; path = INSLabelPullToRefresh.m; sourceTree = "<group>"; };
		06FA69B61A9A0C2100DF42E6 /* INSTwitterPullToRefresh.h */ = {isa = PBXFileReference; fileEncoding = 4; lastKnownFileType = sourcecode.c.h; path = INSTwitterPullToRefresh.h; sourceTree = "<group>"; };
		06FA69B71A9A0C2100DF42E6 /* INSTwitterPullToRefresh.m */ = {isa = PBXFileReference; fileEncoding = 4; lastKnownFileType = sourcecode.c.objc; path = INSTwitterPullToRefresh.m; sourceTree = "<group>"; };
		06FA69B91A9A0C2100DF42E6 /* INSVinePullToRefresh.h */ = {isa = PBXFileReference; fileEncoding = 4; lastKnownFileType = sourcecode.c.h; path = INSVinePullToRefresh.h; sourceTree = "<group>"; };
		06FA69BA1A9A0C2100DF42E6 /* INSVinePullToRefresh.m */ = {isa = PBXFileReference; fileEncoding = 4; lastKnownFileType = sourcecode.c.objc; path = INSVinePullToRefresh.m; sourceTree = "<group>"; };
		06FA69BB1A9A0C2100DF42E6 /* INSVinePullToRefresh.xib */ = {isa = PBXFileReference; fileEncoding = 4; lastKnownFileType = file.xib; path = INSVinePullToRefresh.xib; sourceTree = "<group>"; };
		06FA69C81A9A0C2D00DF42E6 /* INSInfiniteScrollBackgroundView.h */ = {isa = PBXFileReference; fileEncoding = 4; lastKnownFileType = sourcecode.c.h; path = INSInfiniteScrollBackgroundView.h; sourceTree = "<group>"; };
		06FA69C91A9A0C2D00DF42E6 /* INSInfiniteScrollBackgroundView.m */ = {isa = PBXFileReference; fileEncoding = 4; lastKnownFileType = sourcecode.c.objc; path = INSInfiniteScrollBackgroundView.m; sourceTree = "<group>"; };
		06FA69CA1A9A0C2D00DF42E6 /* INSPullToRefreshBackgroundView.h */ = {isa = PBXFileReference; fileEncoding = 4; lastKnownFileType = sourcecode.c.h; path = INSPullToRefreshBackgroundView.h; sourceTree = "<group>"; };
		06FA69CB1A9A0C2D00DF42E6 /* INSPullToRefreshBackgroundView.m */ = {isa = PBXFileReference; fileEncoding = 4; lastKnownFileType = sourcecode.c.objc; path = INSPullToRefreshBackgroundView.m; sourceTree = "<group>"; };
		06FA69CC1A9A0C2D00DF42E6 /* UIScrollView+INSPullToRefresh.h */ = {isa = PBXFileReference; fileEncoding = 4; lastKnownFileType = sourcecode.c.h; path = "UIScrollView+INSPullToRefresh.h"; sourceTree = "<group>"; };
		06FA69CD1A9A0C2D00DF42E6 /* UIScrollView+INSPullToRefresh.m */ = {isa = PBXFileReference; fileEncoding = 4; lastKnownFileType = sourcecode.c.objc; path = "UIScrollView+INSPullToRefresh.m"; sourceTree = "<group>"; };
/* End PBXFileReference section */

/* Begin PBXFrameworksBuildPhase section */
		0602945B1A9525F000AD8673 /* Frameworks */ = {
			isa = PBXFrameworksBuildPhase;
			buildActionMask = 2147483647;
			files = (
			);
			runOnlyForDeploymentPostprocessing = 0;
		};
		060294741A9525F000AD8673 /* Frameworks */ = {
			isa = PBXFrameworksBuildPhase;
			buildActionMask = 2147483647;
			files = (
			);
			runOnlyForDeploymentPostprocessing = 0;
		};
/* End PBXFrameworksBuildPhase section */

/* Begin PBXGroup section */
		060294551A9525F000AD8673 = {
			isa = PBXGroup;
			children = (
				06FA69C71A9A0C2D00DF42E6 /* INSPullToRefresh */,
				06FA699D1A9A0C2100DF42E6 /* INSPullToRefreshSampleControls */,
				060294601A9525F000AD8673 /* INSPullToRefreshExample */,
				0602947A1A9525F000AD8673 /* INSPullToRefreshTests */,
				0602945F1A9525F000AD8673 /* Products */,
			);
			sourceTree = "<group>";
		};
		0602945F1A9525F000AD8673 /* Products */ = {
			isa = PBXGroup;
			children = (
				0602945E1A9525F000AD8673 /* INSPullToRefresh.app */,
				060294771A9525F000AD8673 /* INSPullToRefreshTests.xctest */,
			);
			name = Products;
			sourceTree = "<group>";
		};
		060294601A9525F000AD8673 /* INSPullToRefreshExample */ = {
			isa = PBXGroup;
			children = (
				0661A3751A9A63FA002DDE83 /* INSBaseViewController.h */,
				0661A3761A9A63FA002DDE83 /* INSBaseViewController.m */,
				060294651A9525F000AD8673 /* AppDelegate.h */,
				060294661A9525F000AD8673 /* AppDelegate.m */,
				06A73A3C1A97D4E3006BAAE5 /* INSTableViewController.h */,
				06A73A3D1A97D4E3006BAAE5 /* INSTableViewController.m */,
				060294681A9525F000AD8673 /* INSPullToRefreshViewController.h */,
				060294691A9525F000AD8673 /* INSPullToRefreshViewController.m */,
				0661A3781A9A64BA002DDE83 /* INSPullToRefreshCollectionViewController.h */,
				0661A3791A9A64BA002DDE83 /* INSPullToRefreshCollectionViewController.m */,
				0602946B1A9525F000AD8673 /* Main.storyboard */,
				06FA69951A99E22700DF42E6 /* HUD.xcassets */,
				0602946E1A9525F000AD8673 /* Images.xcassets */,
				060294701A9525F000AD8673 /* LaunchScreen.xib */,
				060294611A9525F000AD8673 /* Supporting Files */,
			);
			name = INSPullToRefreshExample;
			path = INSPullToRefresh;
			sourceTree = "<group>";
		};
		060294611A9525F000AD8673 /* Supporting Files */ = {
			isa = PBXGroup;
			children = (
				060294621A9525F000AD8673 /* Info.plist */,
				060294631A9525F000AD8673 /* main.m */,
			);
			name = "Supporting Files";
			sourceTree = "<group>";
		};
		0602947A1A9525F000AD8673 /* INSPullToRefreshTests */ = {
			isa = PBXGroup;
			children = (
				0602947D1A9525F000AD8673 /* INSPullToRefreshTests.m */,
				0602947B1A9525F000AD8673 /* Supporting Files */,
			);
			path = INSPullToRefreshTests;
			sourceTree = "<group>";
		};
		0602947B1A9525F000AD8673 /* Supporting Files */ = {
			isa = PBXGroup;
			children = (
				0602947C1A9525F000AD8673 /* Info.plist */,
			);
			name = "Supporting Files";
			sourceTree = "<group>";
		};
		06FA699D1A9A0C2100DF42E6 /* INSPullToRefreshSampleControls */ = {
			isa = PBXGroup;
			children = (
				06FA699E1A9A0C2100DF42E6 /* Circle */,
				06FA69A31A9A0C2100DF42E6 /* Default */,
				06FA69A81A9A0C2100DF42E6 /* INSAnimatable.h */,
				06FA69AA1A9A0C2100DF42E6 /* Lappsy */,
				06FA69AF1A9A0C2100DF42E6 /* Pinterest */,
				06FA69B21A9A0C2100DF42E6 /* Text */,
				06FA69B51A9A0C2100DF42E6 /* Twitter */,
				06FA69B81A9A0C2100DF42E6 /* Vine */,
			);
			name = INSPullToRefreshSampleControls;
			path = ../INSPullToRefreshSampleControls;
			sourceTree = "<group>";
		};
		06FA699E1A9A0C2100DF42E6 /* Circle */ = {
			isa = PBXGroup;
			children = (
				06FA699F1A9A0C2100DF42E6 /* INSCircleInfiniteIndicator.h */,
				06FA69A01A9A0C2100DF42E6 /* INSCircleInfiniteIndicator.m */,
				06FA69A11A9A0C2100DF42E6 /* INSCirclePullToRefresh.h */,
				06FA69A21A9A0C2100DF42E6 /* INSCirclePullToRefresh.m */,
			);
			path = Circle;
			sourceTree = "<group>";
		};
		06FA69A31A9A0C2100DF42E6 /* Default */ = {
			isa = PBXGroup;
			children = (
				06FA69A41A9A0C2100DF42E6 /* INSDefaultInfiniteIndicator.h */,
				06FA69A51A9A0C2100DF42E6 /* INSDefaultInfiniteIndicator.m */,
				06FA69A61A9A0C2100DF42E6 /* INSDefaultPullToRefresh.h */,
				06FA69A71A9A0C2100DF42E6 /* INSDefaultPullToRefresh.m */,
			);
			path = Default;
			sourceTree = "<group>";
		};
		06FA69AA1A9A0C2100DF42E6 /* Lappsy */ = {
			isa = PBXGroup;
			children = (
				06FA69AB1A9A0C2100DF42E6 /* INSLappsyInfiniteIndicator.h */,
				06FA69AC1A9A0C2100DF42E6 /* INSLappsyInfiniteIndicator.m */,
				06FA69AD1A9A0C2100DF42E6 /* INSLappsyPullToRefresh.h */,
				06FA69AE1A9A0C2100DF42E6 /* INSLappsyPullToRefresh.m */,
			);
			path = Lappsy;
			sourceTree = "<group>";
		};
		06FA69AF1A9A0C2100DF42E6 /* Pinterest */ = {
			isa = PBXGroup;
			children = (
				06FA69B01A9A0C2100DF42E6 /* INSPinterestPullToRefresh.h */,
				06FA69B11A9A0C2100DF42E6 /* INSPinterestPullToRefresh.m */,
			);
			path = Pinterest;
			sourceTree = "<group>";
		};
		06FA69B21A9A0C2100DF42E6 /* Text */ = {
			isa = PBXGroup;
			children = (
				06FA69B31A9A0C2100DF42E6 /* INSLabelPullToRefresh.h */,
				06FA69B41A9A0C2100DF42E6 /* INSLabelPullToRefresh.m */,
			);
			path = Text;
			sourceTree = "<group>";
		};
		06FA69B51A9A0C2100DF42E6 /* Twitter */ = {
			isa = PBXGroup;
			children = (
				06FA69B61A9A0C2100DF42E6 /* INSTwitterPullToRefresh.h */,
				06FA69B71A9A0C2100DF42E6 /* INSTwitterPullToRefresh.m */,
			);
			path = Twitter;
			sourceTree = "<group>";
		};
		06FA69B81A9A0C2100DF42E6 /* Vine */ = {
			isa = PBXGroup;
			children = (
				06FA69B91A9A0C2100DF42E6 /* INSVinePullToRefresh.h */,
				06FA69BA1A9A0C2100DF42E6 /* INSVinePullToRefresh.m */,
				06FA69BB1A9A0C2100DF42E6 /* INSVinePullToRefresh.xib */,
			);
			path = Vine;
			sourceTree = "<group>";
		};
		06FA69C71A9A0C2D00DF42E6 /* INSPullToRefresh */ = {
			isa = PBXGroup;
			children = (
				06FA69C81A9A0C2D00DF42E6 /* INSInfiniteScrollBackgroundView.h */,
				06FA69C91A9A0C2D00DF42E6 /* INSInfiniteScrollBackgroundView.m */,
				06FA69CA1A9A0C2D00DF42E6 /* INSPullToRefreshBackgroundView.h */,
				06FA69CB1A9A0C2D00DF42E6 /* INSPullToRefreshBackgroundView.m */,
				06FA69CC1A9A0C2D00DF42E6 /* UIScrollView+INSPullToRefresh.h */,
				06FA69CD1A9A0C2D00DF42E6 /* UIScrollView+INSPullToRefresh.m */,
			);
			name = INSPullToRefresh;
			path = ../INSPullToRefresh;
			sourceTree = "<group>";
		};
/* End PBXGroup section */

/* Begin PBXNativeTarget section */
		0602945D1A9525F000AD8673 /* INSPullToRefresh */ = {
			isa = PBXNativeTarget;
			buildConfigurationList = 060294811A9525F000AD8673 /* Build configuration list for PBXNativeTarget "INSPullToRefresh" */;
			buildPhases = (
				0602945A1A9525F000AD8673 /* Sources */,
				0602945B1A9525F000AD8673 /* Frameworks */,
				0602945C1A9525F000AD8673 /* Resources */,
			);
			buildRules = (
			);
			dependencies = (
			);
			name = INSPullToRefresh;
			productName = INSPullToRefresh;
			productReference = 0602945E1A9525F000AD8673 /* INSPullToRefresh.app */;
			productType = "com.apple.product-type.application";
		};
		060294761A9525F000AD8673 /* INSPullToRefreshTests */ = {
			isa = PBXNativeTarget;
			buildConfigurationList = 060294841A9525F000AD8673 /* Build configuration list for PBXNativeTarget "INSPullToRefreshTests" */;
			buildPhases = (
				060294731A9525F000AD8673 /* Sources */,
				060294741A9525F000AD8673 /* Frameworks */,
				060294751A9525F000AD8673 /* Resources */,
			);
			buildRules = (
			);
			dependencies = (
				060294791A9525F000AD8673 /* PBXTargetDependency */,
			);
			name = INSPullToRefreshTests;
			productName = INSPullToRefreshTests;
			productReference = 060294771A9525F000AD8673 /* INSPullToRefreshTests.xctest */;
			productType = "com.apple.product-type.bundle.unit-test";
		};
/* End PBXNativeTarget section */

/* Begin PBXProject section */
		060294561A9525F000AD8673 /* Project object */ = {
			isa = PBXProject;
			attributes = {
				LastUpgradeCheck = 0620;
				ORGANIZATIONNAME = inspace.io;
				TargetAttributes = {
					0602945D1A9525F000AD8673 = {
						CreatedOnToolsVersion = 6.2;
					};
					060294761A9525F000AD8673 = {
						CreatedOnToolsVersion = 6.2;
						TestTargetID = 0602945D1A9525F000AD8673;
					};
				};
			};
			buildConfigurationList = 060294591A9525F000AD8673 /* Build configuration list for PBXProject "INSPullToRefresh" */;
			compatibilityVersion = "Xcode 3.2";
			developmentRegion = English;
			hasScannedForEncodings = 0;
			knownRegions = (
				en,
				Base,
			);
			mainGroup = 060294551A9525F000AD8673;
			productRefGroup = 0602945F1A9525F000AD8673 /* Products */;
			projectDirPath = "";
			projectRoot = "";
			targets = (
				0602945D1A9525F000AD8673 /* INSPullToRefresh */,
				060294761A9525F000AD8673 /* INSPullToRefreshTests */,
			);
		};
/* End PBXProject section */

/* Begin PBXResourcesBuildPhase section */
		0602945C1A9525F000AD8673 /* Resources */ = {
			isa = PBXResourcesBuildPhase;
			buildActionMask = 2147483647;
			files = (
				0602946D1A9525F000AD8673 /* Main.storyboard in Resources */,
				060294721A9525F000AD8673 /* LaunchScreen.xib in Resources */,
				0602946F1A9525F000AD8673 /* Images.xcassets in Resources */,
				06FA69C61A9A0C2100DF42E6 /* INSVinePullToRefresh.xib in Resources */,
				06FA69961A99E22700DF42E6 /* HUD.xcassets in Resources */,
			);
			runOnlyForDeploymentPostprocessing = 0;
		};
		060294751A9525F000AD8673 /* Resources */ = {
			isa = PBXResourcesBuildPhase;
			buildActionMask = 2147483647;
			files = (
			);
			runOnlyForDeploymentPostprocessing = 0;
		};
/* End PBXResourcesBuildPhase section */

/* Begin PBXSourcesBuildPhase section */
		0602945A1A9525F000AD8673 /* Sources */ = {
			isa = PBXSourcesBuildPhase;
			buildActionMask = 2147483647;
			files = (
				0661A3771A9A63FA002DDE83 /* INSBaseViewController.m in Sources */,
				06FA69BD1A9A0C2100DF42E6 /* INSCirclePullToRefresh.m in Sources */,
				06FA69C11A9A0C2100DF42E6 /* INSLappsyPullToRefresh.m in Sources */,
				0602946A1A9525F000AD8673 /* INSPullToRefreshViewController.m in Sources */,
				06FA69C31A9A0C2100DF42E6 /* INSLabelPullToRefresh.m in Sources */,
				06FA69C01A9A0C2100DF42E6 /* INSLappsyInfiniteIndicator.m in Sources */,
				06FA69C21A9A0C2100DF42E6 /* INSPinterestPullToRefresh.m in Sources */,
				06FA69BF1A9A0C2100DF42E6 /* INSDefaultPullToRefresh.m in Sources */,
				06FA69D01A9A0C2D00DF42E6 /* UIScrollView+INSPullToRefresh.m in Sources */,
				06FA69CE1A9A0C2D00DF42E6 /* INSInfiniteScrollBackgroundView.m in Sources */,
				06FA69C41A9A0C2100DF42E6 /* INSTwitterPullToRefresh.m in Sources */,
				060294671A9525F000AD8673 /* AppDelegate.m in Sources */,
				06A73A3E1A97D4E3006BAAE5 /* INSTableViewController.m in Sources */,
				06FA69C51A9A0C2100DF42E6 /* INSVinePullToRefresh.m in Sources */,
				06FA69BE1A9A0C2100DF42E6 /* INSDefaultInfiniteIndicator.m in Sources */,
				06FA69BC1A9A0C2100DF42E6 /* INSCircleInfiniteIndicator.m in Sources */,
				06FA69CF1A9A0C2D00DF42E6 /* INSPullToRefreshBackgroundView.m in Sources */,
				0661A37A1A9A64BA002DDE83 /* INSPullToRefreshCollectionViewController.m in Sources */,
				060294641A9525F000AD8673 /* main.m in Sources */,
			);
			runOnlyForDeploymentPostprocessing = 0;
		};
		060294731A9525F000AD8673 /* Sources */ = {
			isa = PBXSourcesBuildPhase;
			buildActionMask = 2147483647;
			files = (
				0602947E1A9525F000AD8673 /* INSPullToRefreshTests.m in Sources */,
			);
			runOnlyForDeploymentPostprocessing = 0;
		};
/* End PBXSourcesBuildPhase section */

/* Begin PBXTargetDependency section */
		060294791A9525F000AD8673 /* PBXTargetDependency */ = {
			isa = PBXTargetDependency;
			target = 0602945D1A9525F000AD8673 /* INSPullToRefresh */;
			targetProxy = 060294781A9525F000AD8673 /* PBXContainerItemProxy */;
		};
/* End PBXTargetDependency section */

/* Begin PBXVariantGroup section */
		0602946B1A9525F000AD8673 /* Main.storyboard */ = {
			isa = PBXVariantGroup;
			children = (
				0602946C1A9525F000AD8673 /* Base */,
			);
			name = Main.storyboard;
			sourceTree = "<group>";
		};
		060294701A9525F000AD8673 /* LaunchScreen.xib */ = {
			isa = PBXVariantGroup;
			children = (
				060294711A9525F000AD8673 /* Base */,
			);
			name = LaunchScreen.xib;
			sourceTree = "<group>";
		};
/* End PBXVariantGroup section */

/* Begin XCBuildConfiguration section */
		0602947F1A9525F000AD8673 /* Debug */ = {
			isa = XCBuildConfiguration;
			buildSettings = {
				ALWAYS_SEARCH_USER_PATHS = NO;
				CLANG_CXX_LANGUAGE_STANDARD = "gnu++0x";
				CLANG_CXX_LIBRARY = "libc++";
				CLANG_ENABLE_MODULES = YES;
				CLANG_ENABLE_OBJC_ARC = YES;
				CLANG_WARN_BOOL_CONVERSION = YES;
				CLANG_WARN_CONSTANT_CONVERSION = YES;
				CLANG_WARN_DIRECT_OBJC_ISA_USAGE = YES_ERROR;
				CLANG_WARN_EMPTY_BODY = YES;
				CLANG_WARN_ENUM_CONVERSION = YES;
				CLANG_WARN_INT_CONVERSION = YES;
				CLANG_WARN_OBJC_ROOT_CLASS = YES_ERROR;
				CLANG_WARN_UNREACHABLE_CODE = YES;
				CLANG_WARN__DUPLICATE_METHOD_MATCH = YES;
				"CODE_SIGN_IDENTITY[sdk=iphoneos*]" = "iPhone Developer";
				COPY_PHASE_STRIP = NO;
				ENABLE_STRICT_OBJC_MSGSEND = YES;
				GCC_C_LANGUAGE_STANDARD = gnu99;
				GCC_DYNAMIC_NO_PIC = NO;
				GCC_OPTIMIZATION_LEVEL = 0;
				GCC_PREPROCESSOR_DEFINITIONS = (
					"DEBUG=1",
					"$(inherited)",
				);
				GCC_SYMBOLS_PRIVATE_EXTERN = NO;
				GCC_WARN_64_TO_32_BIT_CONVERSION = YES;
				GCC_WARN_ABOUT_RETURN_TYPE = YES_ERROR;
				GCC_WARN_UNDECLARED_SELECTOR = YES;
				GCC_WARN_UNINITIALIZED_AUTOS = YES_AGGRESSIVE;
				GCC_WARN_UNUSED_FUNCTION = YES;
				GCC_WARN_UNUSED_VARIABLE = YES;
				IPHONEOS_DEPLOYMENT_TARGET = 8.2;
				MTL_ENABLE_DEBUG_INFO = YES;
				ONLY_ACTIVE_ARCH = YES;
				SDKROOT = iphoneos;
			};
			name = Debug;
		};
		060294801A9525F000AD8673 /* Release */ = {
			isa = XCBuildConfiguration;
			buildSettings = {
				ALWAYS_SEARCH_USER_PATHS = NO;
				CLANG_CXX_LANGUAGE_STANDARD = "gnu++0x";
				CLANG_CXX_LIBRARY = "libc++";
				CLANG_ENABLE_MODULES = YES;
				CLANG_ENABLE_OBJC_ARC = YES;
				CLANG_WARN_BOOL_CONVERSION = YES;
				CLANG_WARN_CONSTANT_CONVERSION = YES;
				CLANG_WARN_DIRECT_OBJC_ISA_USAGE = YES_ERROR;
				CLANG_WARN_EMPTY_BODY = YES;
				CLANG_WARN_ENUM_CONVERSION = YES;
				CLANG_WARN_INT_CONVERSION = YES;
				CLANG_WARN_OBJC_ROOT_CLASS = YES_ERROR;
				CLANG_WARN_UNREACHABLE_CODE = YES;
				CLANG_WARN__DUPLICATE_METHOD_MATCH = YES;
				"CODE_SIGN_IDENTITY[sdk=iphoneos*]" = "iPhone Developer";
				COPY_PHASE_STRIP = YES;
				ENABLE_NS_ASSERTIONS = NO;
				ENABLE_STRICT_OBJC_MSGSEND = YES;
				GCC_C_LANGUAGE_STANDARD = gnu99;
				GCC_WARN_64_TO_32_BIT_CONVERSION = YES;
				GCC_WARN_ABOUT_RETURN_TYPE = YES_ERROR;
				GCC_WARN_UNDECLARED_SELECTOR = YES;
				GCC_WARN_UNINITIALIZED_AUTOS = YES_AGGRESSIVE;
				GCC_WARN_UNUSED_FUNCTION = YES;
				GCC_WARN_UNUSED_VARIABLE = YES;
				IPHONEOS_DEPLOYMENT_TARGET = 8.2;
				MTL_ENABLE_DEBUG_INFO = NO;
				SDKROOT = iphoneos;
				VALIDATE_PRODUCT = YES;
			};
			name = Release;
		};
		060294821A9525F000AD8673 /* Debug */ = {
			isa = XCBuildConfiguration;
			buildSettings = {
				ASSETCATALOG_COMPILER_APPICON_NAME = AppIcon;
				ASSETCATALOG_COMPILER_LAUNCHIMAGE_NAME = LaunchImage;
				INFOPLIST_FILE = INSPullToRefresh/Info.plist;
				IPHONEOS_DEPLOYMENT_TARGET = 7.0;
				LD_RUNPATH_SEARCH_PATHS = "$(inherited) @executable_path/Frameworks";
				PRODUCT_NAME = "$(TARGET_NAME)";
			};
			name = Debug;
		};
		060294831A9525F000AD8673 /* Release */ = {
			isa = XCBuildConfiguration;
			buildSettings = {
				ASSETCATALOG_COMPILER_APPICON_NAME = AppIcon;
				ASSETCATALOG_COMPILER_LAUNCHIMAGE_NAME = LaunchImage;
				INFOPLIST_FILE = INSPullToRefresh/Info.plist;
				IPHONEOS_DEPLOYMENT_TARGET = 7.0;
				LD_RUNPATH_SEARCH_PATHS = "$(inherited) @executable_path/Frameworks";
				PRODUCT_NAME = "$(TARGET_NAME)";
			};
			name = Release;
		};
		060294851A9525F000AD8673 /* Debug */ = {
			isa = XCBuildConfiguration;
			buildSettings = {
				BUNDLE_LOADER = "$(TEST_HOST)";
				FRAMEWORK_SEARCH_PATHS = (
					"$(SDKROOT)/Developer/Library/Frameworks",
					"$(inherited)",
				);
				GCC_PREPROCESSOR_DEFINITIONS = (
					"DEBUG=1",
					"$(inherited)",
				);
				INFOPLIST_FILE = INSPullToRefreshTests/Info.plist;
				IPHONEOS_DEPLOYMENT_TARGET = 8.1;
				LD_RUNPATH_SEARCH_PATHS = "$(inherited) @executable_path/Frameworks @loader_path/Frameworks";
				PRODUCT_NAME = "$(TARGET_NAME)";
				TEST_HOST = "$(BUILT_PRODUCTS_DIR)/INSPullToRefresh.app/INSPullToRefresh";
			};
			name = Debug;
		};
		060294861A9525F000AD8673 /* Release */ = {
			isa = XCBuildConfiguration;
			buildSettings = {
				BUNDLE_LOADER = "$(TEST_HOST)";
				FRAMEWORK_SEARCH_PATHS = (
					"$(SDKROOT)/Developer/Library/Frameworks",
					"$(inherited)",
				);
				INFOPLIST_FILE = INSPullToRefreshTests/Info.plist;
				IPHONEOS_DEPLOYMENT_TARGET = 8.1;
				LD_RUNPATH_SEARCH_PATHS = "$(inherited) @executable_path/Frameworks @loader_path/Frameworks";
				PRODUCT_NAME = "$(TARGET_NAME)";
				TEST_HOST = "$(BUILT_PRODUCTS_DIR)/INSPullToRefresh.app/INSPullToRefresh";
			};
			name = Release;
		};
/* End XCBuildConfiguration section */

/* Begin XCConfigurationList section */
		060294591A9525F000AD8673 /* Build configuration list for PBXProject "INSPullToRefresh" */ = {
			isa = XCConfigurationList;
			buildConfigurations = (
				0602947F1A9525F000AD8673 /* Debug */,
				060294801A9525F000AD8673 /* Release */,
			);
			defaultConfigurationIsVisible = 0;
			defaultConfigurationName = Release;
		};
		060294811A9525F000AD8673 /* Build configuration list for PBXNativeTarget "INSPullToRefresh" */ = {
			isa = XCConfigurationList;
			buildConfigurations = (
				060294821A9525F000AD8673 /* Debug */,
				060294831A9525F000AD8673 /* Release */,
			);
			defaultConfigurationIsVisible = 0;
			defaultConfigurationName = Release;
		};
		060294841A9525F000AD8673 /* Build configuration list for PBXNativeTarget "INSPullToRefreshTests" */ = {
			isa = XCConfigurationList;
			buildConfigurations = (
				060294851A9525F000AD8673 /* Debug */,
				060294861A9525F000AD8673 /* Release */,
			);
			defaultConfigurationIsVisible = 0;
			defaultConfigurationName = Release;
		};
/* End XCConfigurationList section */
	};
	rootObject = 060294561A9525F000AD8673 /* Project object */;
}
